
Microsoft Visual Studio Solution File, Format Version 12.00
# Visual Studio Version 17
VisualStudioVersion = 17.5.002.0
MinimumVisualStudioVersion = 10.0.40219.1
Project("{9A19103F-16F7-4668-BE54-9A1E7A4F7556}") = "CG_N2_4", "CG_N2_4.csproj", "{8D9E4340-8F02-4927-8E21-BFDC806CC2A8}"
EndProject
Global
	GlobalSection(SolutionConfigurationPlatforms) = preSolution
		Debug|Any CPU = Debug|Any CPU
		Release|Any CPU = Release|Any CPU
	EndGlobalSection
	GlobalSection(ProjectConfigurationPlatforms) = postSolution
		{8D9E4340-8F02-4927-8E21-BFDC806CC2A8}.Debug|Any CPU.ActiveCfg = Debug|Any CPU
		{8D9E4340-8F02-4927-8E21-BFDC806CC2A8}.Debug|Any CPU.Build.0 = Debug|Any CPU
		{8D9E4340-8F02-4927-8E21-BFDC806CC2A8}.Release|Any CPU.ActiveCfg = Release|Any CPU
		{8D9E4340-8F02-4927-8E21-BFDC806CC2A8}.Release|Any CPU.Build.0 = Release|Any CPU
	EndGlobalSection
	GlobalSection(SolutionProperties) = preSolution
		HideSolutionNode = FALSE
	EndGlobalSection
	GlobalSection(ExtensibilityGlobals) = postSolution
		SolutionGuid = {3B2877E9-86CF-4DC8-B156-F526CC0D5773}
	EndGlobalSection
EndGlobal
